// !$*UTF8*$!
{
	archiveVersion = 1;
	classes = {
	};
	objectVersion = 48;
	objects = {

/* Begin PBXBuildFile section */
		0497171F1FB447E100018973 /* AppDelegate.swift in Sources */ = {isa = PBXBuildFile; fileRef = 0497171E1FB447E100018973 /* AppDelegate.swift */; };
		049717211FB447E100018973 /* ViewController.swift in Sources */ = {isa = PBXBuildFile; fileRef = 049717201FB447E100018973 /* ViewController.swift */; };
		049717241FB447E100018973 /* Main.storyboard in Resources */ = {isa = PBXBuildFile; fileRef = 049717221FB447E100018973 /* Main.storyboard */; };
		049717261FB447E100018973 /* Assets.xcassets in Resources */ = {isa = PBXBuildFile; fileRef = 049717251FB447E100018973 /* Assets.xcassets */; };
		049717291FB447E100018973 /* LaunchScreen.storyboard in Resources */ = {isa = PBXBuildFile; fileRef = 049717271FB447E100018973 /* LaunchScreen.storyboard */; };
		049717371FB556D800018973 /* GoogleService-Info.plist in Resources */ = {isa = PBXBuildFile; fileRef = 049717361FB556D800018973 /* GoogleService-Info.plist */; };
		049717391FB55B4800018973 /* imageAsync.swift in Sources */ = {isa = PBXBuildFile; fileRef = 049717381FB55B4800018973 /* imageAsync.swift */; };
		0497173B1FB55C1300018973 /* OneTableViewCell.swift in Sources */ = {isa = PBXBuildFile; fileRef = 0497173A1FB55C1300018973 /* OneTableViewCell.swift */; };
		0497173D1FB55C1D00018973 /* TwoTableViewCell.swift in Sources */ = {isa = PBXBuildFile; fileRef = 0497173C1FB55C1D00018973 /* TwoTableViewCell.swift */; };
		0497173F1FB55C2500018973 /* ThreeTableViewCell.swift in Sources */ = {isa = PBXBuildFile; fileRef = 0497173E1FB55C2500018973 /* ThreeTableViewCell.swift */; };
		61E7C6B2FB8EFE203FD241B0 /* Pods_project14.framework in Frameworks */ = {isa = PBXBuildFile; fileRef = 36E9D2529A718AC1E12FFAA2 /* Pods_project14.framework */; };
/* End PBXBuildFile section */

/* Begin PBXFileReference section */
		0497171B1FB447E100018973 /* project14.app */ = {isa = PBXFileReference; explicitFileType = wrapper.application; includeInIndex = 0; path = project14.app; sourceTree = BUILT_PRODUCTS_DIR; };
		0497171E1FB447E100018973 /* AppDelegate.swift */ = {isa = PBXFileReference; lastKnownFileType = sourcecode.swift; path = AppDelegate.swift; sourceTree = "<group>"; };
		049717201FB447E100018973 /* ViewController.swift */ = {isa = PBXFileReference; lastKnownFileType = sourcecode.swift; path = ViewController.swift; sourceTree = "<group>"; };
		049717231FB447E100018973 /* Base */ = {isa = PBXFileReference; lastKnownFileType = file.storyboard; name = Base; path = Base.lproj/Main.storyboard; sourceTree = "<group>"; };
		049717251FB447E100018973 /* Assets.xcassets */ = {isa = PBXFileReference; lastKnownFileType = folder.assetcatalog; path = Assets.xcassets; sourceTree = "<group>"; };
		049717281FB447E100018973 /* Base */ = {isa = PBXFileReference; lastKnownFileType = file.storyboard; name = Base; path = Base.lproj/LaunchScreen.storyboard; sourceTree = "<group>"; };
		0497172A1FB447E100018973 /* Info.plist */ = {isa = PBXFileReference; lastKnownFileType = text.plist.xml; path = Info.plist; sourceTree = "<group>"; };
		049717361FB556D800018973 /* GoogleService-Info.plist */ = {isa = PBXFileReference; fileEncoding = 4; lastKnownFileType = text.plist.xml; path = "GoogleService-Info.plist"; sourceTree = "<group>"; };
		049717381FB55B4800018973 /* imageAsync.swift */ = {isa = PBXFileReference; lastKnownFileType = sourcecode.swift; path = imageAsync.swift; sourceTree = "<group>"; };
		0497173A1FB55C1300018973 /* OneTableViewCell.swift */ = {isa = PBXFileReference; lastKnownFileType = sourcecode.swift; path = OneTableViewCell.swift; sourceTree = "<group>"; };
		0497173C1FB55C1D00018973 /* TwoTableViewCell.swift */ = {isa = PBXFileReference; lastKnownFileType = sourcecode.swift; path = TwoTableViewCell.swift; sourceTree = "<group>"; };
		0497173E1FB55C2500018973 /* ThreeTableViewCell.swift */ = {isa = PBXFileReference; lastKnownFileType = sourcecode.swift; path = ThreeTableViewCell.swift; sourceTree = "<group>"; };
		36E9D2529A718AC1E12FFAA2 /* Pods_project14.framework */ = {isa = PBXFileReference; explicitFileType = wrapper.framework; includeInIndex = 0; path = Pods_project14.framework; sourceTree = BUILT_PRODUCTS_DIR; };
		6E86DD690035267A6FBDBF9D /* Pods-project14.debug.xcconfig */ = {isa = PBXFileReference; includeInIndex = 1; lastKnownFileType = text.xcconfig; name = "Pods-project14.debug.xcconfig"; path = "Pods/Target Support Files/Pods-project14/Pods-project14.debug.xcconfig"; sourceTree = "<group>"; };
		999F366F730D69BC5A99B909 /* Pods-project14.release.xcconfig */ = {isa = PBXFileReference; includeInIndex = 1; lastKnownFileType = text.xcconfig; name = "Pods-project14.release.xcconfig"; path = "Pods/Target Support Files/Pods-project14/Pods-project14.release.xcconfig"; sourceTree = "<group>"; };
/* End PBXFileReference section */

/* Begin PBXFrameworksBuildPhase section */
		049717181FB447E100018973 /* Frameworks */ = {
			isa = PBXFrameworksBuildPhase;
			buildActionMask = 2147483647;
			files = (
				61E7C6B2FB8EFE203FD241B0 /* Pods_project14.framework in Frameworks */,
			);
			runOnlyForDeploymentPostprocessing = 0;
		};
/* End PBXFrameworksBuildPhase section */

/* Begin PBXGroup section */
		049717121FB447E100018973 = {
			isa = PBXGroup;
			children = (
				0497171D1FB447E100018973 /* project14 */,
				0497171C1FB447E100018973 /* Products */,
				8FFF542DE90E3340327BC555 /* Pods */,
				6D58DCFDBA1E2CD4441FC3DC /* Frameworks */,
			);
			sourceTree = "<group>";
		};
		0497171C1FB447E100018973 /* Products */ = {
			isa = PBXGroup;
			children = (
				0497171B1FB447E100018973 /* project14.app */,
			);
			name = Products;
			sourceTree = "<group>";
		};
		0497171D1FB447E100018973 /* project14 */ = {
			isa = PBXGroup;
			children = (
				0497171E1FB447E100018973 /* AppDelegate.swift */,
				049717381FB55B4800018973 /* imageAsync.swift */,
				049717201FB447E100018973 /* ViewController.swift */,
				0497173A1FB55C1300018973 /* OneTableViewCell.swift */,
				0497173C1FB55C1D00018973 /* TwoTableViewCell.swift */,
				0497173E1FB55C2500018973 /* ThreeTableViewCell.swift */,
				049717221FB447E100018973 /* Main.storyboard */,
				049717361FB556D800018973 /* GoogleService-Info.plist */,
				049717251FB447E100018973 /* Assets.xcassets */,
				049717271FB447E100018973 /* LaunchScreen.storyboard */,
				0497172A1FB447E100018973 /* Info.plist */,
			);
			path = project14;
			sourceTree = "<group>";
		};
		6D58DCFDBA1E2CD4441FC3DC /* Frameworks */ = {
			isa = PBXGroup;
			children = (
				36E9D2529A718AC1E12FFAA2 /* Pods_project14.framework */,
			);
			name = Frameworks;
			sourceTree = "<group>";
		};
		8FFF542DE90E3340327BC555 /* Pods */ = {
			isa = PBXGroup;
			children = (
				6E86DD690035267A6FBDBF9D /* Pods-project14.debug.xcconfig */,
				999F366F730D69BC5A99B909 /* Pods-project14.release.xcconfig */,
			);
			name = Pods;
			sourceTree = "<group>";
		};
/* End PBXGroup section */

/* Begin PBXNativeTarget section */
		0497171A1FB447E100018973 /* project14 */ = {
			isa = PBXNativeTarget;
			buildConfigurationList = 0497172D1FB447E100018973 /* Build configuration list for PBXNativeTarget "project14" */;
			buildPhases = (
				61AA3E73FE2F444AA54A24C8 /* [CP] Check Pods Manifest.lock */,
				049717171FB447E100018973 /* Sources */,
				049717181FB447E100018973 /* Frameworks */,
				049717191FB447E100018973 /* Resources */,
				52F4B4475B4D81DDE1F6B142 /* [CP] Embed Pods Frameworks */,
				E91AC087CEFBE629F982DE9A /* [CP] Copy Pods Resources */,
			);
			buildRules = (
			);
			dependencies = (
			);
			name = project14;
			productName = project14;
			productReference = 0497171B1FB447E100018973 /* project14.app */;
			productType = "com.apple.product-type.application";
		};
/* End PBXNativeTarget section */

/* Begin PBXProject section */
		049717131FB447E100018973 /* Project object */ = {
			isa = PBXProject;
			attributes = {
				LastSwiftUpdateCheck = 0910;
				LastUpgradeCheck = 0910;
				ORGANIZATIONNAME = sunnyleeyun;
				TargetAttributes = {
					0497171A1FB447E100018973 = {
						CreatedOnToolsVersion = 9.1;
						ProvisioningStyle = Automatic;
					};
				};
			};
			buildConfigurationList = 049717161FB447E100018973 /* Build configuration list for PBXProject "project14" */;
			compatibilityVersion = "Xcode 8.0";
			developmentRegion = en;
			hasScannedForEncodings = 0;
			knownRegions = (
				en,
				Base,
			);
			mainGroup = 049717121FB447E100018973;
			productRefGroup = 0497171C1FB447E100018973 /* Products */;
			projectDirPath = "";
			projectRoot = "";
			targets = (
				0497171A1FB447E100018973 /* project14 */,
			);
		};
/* End PBXProject section */

/* Begin PBXResourcesBuildPhase section */
		049717191FB447E100018973 /* Resources */ = {
			isa = PBXResourcesBuildPhase;
			buildActionMask = 2147483647;
			files = (
				049717291FB447E100018973 /* LaunchScreen.storyboard in Resources */,
				049717371FB556D800018973 /* GoogleService-Info.plist in Resources */,
				049717261FB447E100018973 /* Assets.xcassets in Resources */,
				049717241FB447E100018973 /* Main.storyboard in Resources */,
			);
			runOnlyForDeploymentPostprocessing = 0;
		};
/* End PBXResourcesBuildPhase section */

/* Begin PBXShellScriptBuildPhase section */
		52F4B4475B4D81DDE1F6B142 /* [CP] Embed Pods Frameworks */ = {
			isa = PBXShellScriptBuildPhase;
			buildActionMask = 2147483647;
			files = (
			);
			inputPaths = (
				"${SRCROOT}/Pods/Target Support Files/Pods-project14/Pods-project14-frameworks.sh",
				"${BUILT_PRODUCTS_DIR}/GTMSessionFetcher/GTMSessionFetcher.framework",
				"${BUILT_PRODUCTS_DIR}/GoogleToolboxForMac/GoogleToolboxForMac.framework",
				"${BUILT_PRODUCTS_DIR}/leveldb-library/leveldb.framework",
				"${BUILT_PRODUCTS_DIR}/nanopb/nanopb.framework",
			);
			name = "[CP] Embed Pods Frameworks";
			outputPaths = (
				"${TARGET_BUILD_DIR}/${FRAMEWORKS_FOLDER_PATH}/GTMSessionFetcher.framework",
				"${TARGET_BUILD_DIR}/${FRAMEWORKS_FOLDER_PATH}/GoogleToolboxForMac.framework",
				"${TARGET_BUILD_DIR}/${FRAMEWORKS_FOLDER_PATH}/leveldb.framework",
				"${TARGET_BUILD_DIR}/${FRAMEWORKS_FOLDER_PATH}/nanopb.framework",
			);
			runOnlyForDeploymentPostprocessing = 0;
			shellPath = /bin/sh;
			shellScript = "\"${SRCROOT}/Pods/Target Support Files/Pods-project14/Pods-project14-frameworks.sh\"\n";
			showEnvVarsInLog = 0;
		};
		61AA3E73FE2F444AA54A24C8 /* [CP] Check Pods Manifest.lock */ = {
			isa = PBXShellScriptBuildPhase;
			buildActionMask = 2147483647;
			files = (
			);
			inputPaths = (
				"${PODS_PODFILE_DIR_PATH}/Podfile.lock",
				"${PODS_ROOT}/Manifest.lock",
			);
			name = "[CP] Check Pods Manifest.lock";
			outputPaths = (
				"$(DERIVED_FILE_DIR)/Pods-project14-checkManifestLockResult.txt",
			);
			runOnlyForDeploymentPostprocessing = 0;
			shellPath = /bin/sh;
			shellScript = "diff \"${PODS_PODFILE_DIR_PATH}/Podfile.lock\" \"${PODS_ROOT}/Manifest.lock\" > /dev/null\nif [ $? != 0 ] ; then\n    # print error to STDERR\n    echo \"error: The sandbox is not in sync with the Podfile.lock. Run 'pod install' or update your CocoaPods installation.\" >&2\n    exit 1\nfi\n# This output is used by Xcode 'outputs' to avoid re-running this script phase.\necho \"SUCCESS\" > \"${SCRIPT_OUTPUT_FILE_0}\"\n";
			showEnvVarsInLog = 0;
		};
		E91AC087CEFBE629F982DE9A /* [CP] Copy Pods Resources */ = {
			isa = PBXShellScriptBuildPhase;
			buildActionMask = 2147483647;
			files = (
			);
			inputPaths = (
			);
			name = "[CP] Copy Pods Resources";
			outputPaths = (
			);
			runOnlyForDeploymentPostprocessing = 0;
			shellPath = /bin/sh;
			shellScript = "\"${SRCROOT}/Pods/Target Support Files/Pods-project14/Pods-project14-resources.sh\"\n";
			showEnvVarsInLog = 0;
		};
/* End PBXShellScriptBuildPhase section */

/* Begin PBXSourcesBuildPhase section */
		049717171FB447E100018973 /* Sources */ = {
			isa = PBXSourcesBuildPhase;
			buildActionMask = 2147483647;
			files = (
				049717391FB55B4800018973 /* imageAsync.swift in Sources */,
				049717211FB447E100018973 /* ViewController.swift in Sources */,
				0497173F1FB55C2500018973 /* ThreeTableViewCell.swift in Sources */,
				0497173D1FB55C1D00018973 /* TwoTableViewCell.swift in Sources */,
				0497173B1FB55C1300018973 /* OneTableViewCell.swift in Sources */,
				0497171F1FB447E100018973 /* AppDelegate.swift in Sources */,
			);
			runOnlyForDeploymentPostprocessing = 0;
		};
/* End PBXSourcesBuildPhase section */

/* Begin PBXVariantGroup section */
		049717221FB447E100018973 /* Main.storyboard */ = {
			isa = PBXVariantGroup;
			children = (
				049717231FB447E100018973 /* Base */,
			);
			name = Main.storyboard;
			sourceTree = "<group>";
		};
		049717271FB447E100018973 /* LaunchScreen.storyboard */ = {
			isa = PBXVariantGroup;
			children = (
				049717281FB447E100018973 /* Base */,
			);
			name = LaunchScreen.storyboard;
			sourceTree = "<group>";
		};
/* End PBXVariantGroup section */

/* Begin XCBuildConfiguration section */
		0497172B1FB447E100018973 /* Debug */ = {
			isa = XCBuildConfiguration;
			buildSettings = {
				ALWAYS_SEARCH_USER_PATHS = NO;
				CLANG_ANALYZER_NONNULL = YES;
				CLANG_ANALYZER_NUMBER_OBJECT_CONVERSION = YES_AGGRESSIVE;
				CLANG_CXX_LANGUAGE_STANDARD = "gnu++14";
				CLANG_CXX_LIBRARY = "libc++";
				CLANG_ENABLE_MODULES = YES;
				CLANG_ENABLE_OBJC_ARC = YES;
				CLANG_WARN_BLOCK_CAPTURE_AUTORELEASING = YES;
				CLANG_WARN_BOOL_CONVERSION = YES;
				CLANG_WARN_COMMA = YES;
				CLANG_WARN_CONSTANT_CONVERSION = YES;
				CLANG_WARN_DIRECT_OBJC_ISA_USAGE = YES_ERROR;
				CLANG_WARN_DOCUMENTATION_COMMENTS = YES;
				CLANG_WARN_EMPTY_BODY = YES;
				CLANG_WARN_ENUM_CONVERSION = YES;
				CLANG_WARN_INFINITE_RECURSION = YES;
				CLANG_WARN_INT_CONVERSION = YES;
				CLANG_WARN_NON_LITERAL_NULL_CONVERSION = YES;
				CLANG_WARN_OBJC_LITERAL_CONVERSION = YES;
				CLANG_WARN_OBJC_ROOT_CLASS = YES_ERROR;
				CLANG_WARN_RANGE_LOOP_ANALYSIS = YES;
				CLANG_WARN_STRICT_PROTOTYPES = YES;
				CLANG_WARN_SUSPICIOUS_MOVE = YES;
				CLANG_WARN_UNGUARDED_AVAILABILITY = YES_AGGRESSIVE;
				CLANG_WARN_UNREACHABLE_CODE = YES;
				CLANG_WARN__DUPLICATE_METHOD_MATCH = YES;
				CODE_SIGN_IDENTITY = "iPhone Developer";
				COPY_PHASE_STRIP = NO;
				DEBUG_INFORMATION_FORMAT = dwarf;
				ENABLE_STRICT_OBJC_MSGSEND = YES;
				ENABLE_TESTABILITY = YES;
				GCC_C_LANGUAGE_STANDARD = gnu11;
				GCC_DYNAMIC_NO_PIC = NO;
				GCC_NO_COMMON_BLOCKS = YES;
				GCC_OPTIMIZATION_LEVEL = 0;
				GCC_PREPROCESSOR_DEFINITIONS = (
					"DEBUG=1",
					"$(inherited)",
				);
				GCC_WARN_64_TO_32_BIT_CONVERSION = YES;
				GCC_WARN_ABOUT_RETURN_TYPE = YES_ERROR;
				GCC_WARN_UNDECLARED_SELECTOR = YES;
				GCC_WARN_UNINITIALIZED_AUTOS = YES_AGGRESSIVE;
				GCC_WARN_UNUSED_FUNCTION = YES;
				GCC_WARN_UNUSED_VARIABLE = YES;
				IPHONEOS_DEPLOYMENT_TARGET = 11.1;
				MTL_ENABLE_DEBUG_INFO = YES;
				ONLY_ACTIVE_ARCH = YES;
				SDKROOT = iphoneos;
				SWIFT_ACTIVE_COMPILATION_CONDITIONS = DEBUG;
				SWIFT_OPTIMIZATION_LEVEL = "-Onone";
			};
			name = Debug;
		};
		0497172C1FB447E100018973 /* Release */ = {
			isa = XCBuildConfiguration;
			buildSettings = {
				ALWAYS_SEARCH_USER_PATHS = NO;
				CLANG_ANALYZER_NONNULL = YES;
				CLANG_ANALYZER_NUMBER_OBJECT_CONVERSION = YES_AGGRESSIVE;
				CLANG_CXX_LANGUAGE_STANDARD = "gnu++14";
				CLANG_CXX_LIBRARY = "libc++";
				CLANG_ENABLE_MODULES = YES;
				CLANG_ENABLE_OBJC_ARC = YES;
				CLANG_WARN_BLOCK_CAPTURE_AUTORELEASING = YES;
				CLANG_WARN_BOOL_CONVERSION = YES;
				CLANG_WARN_COMMA = YES;
				CLANG_WARN_CONSTANT_CONVERSION = YES;
				CLANG_WARN_DIRECT_OBJC_ISA_USAGE = YES_ERROR;
				CLANG_WARN_DOCUMENTATION_COMMENTS = YES;
				CLANG_WARN_EMPTY_BODY = YES;
				CLANG_WARN_ENUM_CONVERSION = YES;
				CLANG_WARN_INFINITE_RECURSION = YES;
				CLANG_WARN_INT_CONVERSION = YES;
				CLANG_WARN_NON_LITERAL_NULL_CONVERSION = YES;
				CLANG_WARN_OBJC_LITERAL_CONVERSION = YES;
				CLANG_WARN_OBJC_ROOT_CLASS = YES_ERROR;
				CLANG_WARN_RANGE_LOOP_ANALYSIS = YES;
				CLANG_WARN_STRICT_PROTOTYPES = YES;
				CLANG_WARN_SUSPICIOUS_MOVE = YES;
				CLANG_WARN_UNGUARDED_AVAILABILITY = YES_AGGRESSIVE;
				CLANG_WARN_UNREACHABLE_CODE = YES;
				CLANG_WARN__DUPLICATE_METHOD_MATCH = YES;
				CODE_SIGN_IDENTITY = "iPhone Developer";
				COPY_PHASE_STRIP = NO;
				DEBUG_INFORMATION_FORMAT = "dwarf-with-dsym";
				ENABLE_NS_ASSERTIONS = NO;
				ENABLE_STRICT_OBJC_MSGSEND = YES;
				GCC_C_LANGUAGE_STANDARD = gnu11;
				GCC_NO_COMMON_BLOCKS = YES;
				GCC_WARN_64_TO_32_BIT_CONVERSION = YES;
				GCC_WARN_ABOUT_RETURN_TYPE = YES_ERROR;
				GCC_WARN_UNDECLARED_SELECTOR = YES;
				GCC_WARN_UNINITIALIZED_AUTOS = YES_AGGRESSIVE;
				GCC_WARN_UNUSED_FUNCTION = YES;
				GCC_WARN_UNUSED_VARIABLE = YES;
				IPHONEOS_DEPLOYMENT_TARGET = 11.1;
				MTL_ENABLE_DEBUG_INFO = NO;
				SDKROOT = iphoneos;
				SWIFT_OPTIMIZATION_LEVEL = "-Owholemodule";
				VALIDATE_PRODUCT = YES;
			};
			name = Release;
		};
		0497172E1FB447E100018973 /* Debug */ = {
			isa = XCBuildConfiguration;
			baseConfigurationReference = 6E86DD690035267A6FBDBF9D /* Pods-project14.debug.xcconfig */;
			buildSettings = {
				ASSETCATALOG_COMPILER_APPICON_NAME = AppIcon;
				CODE_SIGN_STYLE = Automatic;
				DEVELOPMENT_TEAM = VJGEDW5SA9;
				INFOPLIST_FILE = project14/Info.plist;
				LD_RUNPATH_SEARCH_PATHS = "$(inherited) @executable_path/Frameworks";
				PRODUCT_BUNDLE_IDENTIFIER = com.sunnyleeyun.project14;
				PRODUCT_NAME = "$(TARGET_NAME)";
				SWIFT_VERSION = 4.0;
				TARGETED_DEVICE_FAMILY = "1,2";
			};
			name = Debug;
		};
		0497172F1FB447E100018973 /* Release */ = {
			isa = XCBuildConfiguration;
			baseConfigurationReference = 999F366F730D69BC5A99B909 /* Pods-project14.release.xcconfig */;
			buildSettings = {
				ASSETCATALOG_COMPILER_APPICON_NAME = AppIcon;
				CODE_SIGN_STYLE = Automatic;
				DEVELOPMENT_TEAM = VJGEDW5SA9;
				INFOPLIST_FILE = project14/Info.plist;
				LD_RUNPATH_SEARCH_PATHS = "$(inherited) @executable_path/Frameworks";
				PRODUCT_BUNDLE_IDENTIFIER = com.sunnyleeyun.project14;
				PRODUCT_NAME = "$(TARGET_NAME)";
				SWIFT_VERSION = 4.0;
				TARGETED_DEVICE_FAMILY = "1,2";
			};
			name = Release;
		};
/* End XCBuildConfiguration section */

/* Begin XCConfigurationList section */
		049717161FB447E100018973 /* Build configuration list for PBXProject "project14" */ = {
			isa = XCConfigurationList;
			buildConfigurations = (
				0497172B1FB447E100018973 /* Debug */,
				0497172C1FB447E100018973 /* Release */,
			);
			defaultConfigurationIsVisible = 0;
			defaultConfigurationName = Release;
		};
		0497172D1FB447E100018973 /* Build configuration list for PBXNativeTarget "project14" */ = {
			isa = XCConfigurationList;
			buildConfigurations = (
				0497172E1FB447E100018973 /* Debug */,
				0497172F1FB447E100018973 /* Release */,
			);
			defaultConfigurationIsVisible = 0;
			defaultConfigurationName = Release;
		};
/* End XCConfigurationList section */
	};
	rootObject = 049717131FB447E100018973 /* Project object */;
}
